// !$*UTF8*$!
{
	archiveVersion = 1;
	classes = {
	};
	objectVersion = 56;
	objects = {

/* Begin PBXBuildFile section */
		FFDA94492BAC1612002C5266 /* SlotMachineSwiftUIApp.swift in Sources */ = {isa = PBXBuildFile; fileRef = FFDA94482BAC1612002C5266 /* SlotMachineSwiftUIApp.swift */; };
		FFDA944B2BAC1612002C5266 /* ContentView.swift in Sources */ = {isa = PBXBuildFile; fileRef = FFDA944A2BAC1612002C5266 /* ContentView.swift */; };
		FFDA944D2BAC1613002C5266 /* Assets.xcassets in Resources */ = {isa = PBXBuildFile; fileRef = FFDA944C2BAC1613002C5266 /* Assets.xcassets */; };
		FFDA94502BAC1613002C5266 /* Preview Assets.xcassets in Resources */ = {isa = PBXBuildFile; fileRef = FFDA944F2BAC1613002C5266 /* Preview Assets.xcassets */; };
		FFDA945E2BAC1A15002C5266 /* win.mp3 in Resources */ = {isa = PBXBuildFile; fileRef = FFDA94562BAC1A14002C5266 /* win.mp3 */; };
		FFDA945F2BAC1A15002C5266 /* high-score.mp3 in Resources */ = {isa = PBXBuildFile; fileRef = FFDA94572BAC1A14002C5266 /* high-score.mp3 */; };
		FFDA94602BAC1A15002C5266 /* background-music.mp3 in Resources */ = {isa = PBXBuildFile; fileRef = FFDA94582BAC1A14002C5266 /* background-music.mp3 */; };
		FFDA94612BAC1A15002C5266 /* game-over.mp3 in Resources */ = {isa = PBXBuildFile; fileRef = FFDA94592BAC1A15002C5266 /* game-over.mp3 */; };
		FFDA94622BAC1A15002C5266 /* chimeup.mp3 in Resources */ = {isa = PBXBuildFile; fileRef = FFDA945A2BAC1A15002C5266 /* chimeup.mp3 */; };
		FFDA94632BAC1A15002C5266 /* casino-chips.mp3 in Resources */ = {isa = PBXBuildFile; fileRef = FFDA945B2BAC1A15002C5266 /* casino-chips.mp3 */; };
		FFDA94642BAC1A15002C5266 /* spin.mp3 in Resources */ = {isa = PBXBuildFile; fileRef = FFDA945C2BAC1A15002C5266 /* spin.mp3 */; };
		FFDA94652BAC1A15002C5266 /* riseup.mp3 in Resources */ = {isa = PBXBuildFile; fileRef = FFDA945D2BAC1A15002C5266 /* riseup.mp3 */; };
		FFDA946A2BAC1B5B002C5266 /* Launch Screen.storyboard in Resources */ = {isa = PBXBuildFile; fileRef = FFDA94692BAC1B5B002C5266 /* Launch Screen.storyboard */; };
		FFF60D8F2BAC653700BEF873 /* LogoView.swift in Sources */ = {isa = PBXBuildFile; fileRef = FFF60D8E2BAC653700BEF873 /* LogoView.swift */; };
		FFF60D912BAC65BF00BEF873 /* Modifiers.swift in Sources */ = {isa = PBXBuildFile; fileRef = FFF60D902BAC65BF00BEF873 /* Modifiers.swift */; };
		FFF60D932BAC6DFE00BEF873 /* Extensions.swift in Sources */ = {isa = PBXBuildFile; fileRef = FFF60D922BAC6DFE00BEF873 /* Extensions.swift */; };
		FFF60D952BAD5D1100BEF873 /* ReelView.swift in Sources */ = {isa = PBXBuildFile; fileRef = FFF60D942BAD5D1100BEF873 /* ReelView.swift */; };
/* End PBXBuildFile section */

/* Begin PBXFileReference section */
		FFDA94452BAC1612002C5266 /* SlotMachineSwiftUI.app */ = {isa = PBXFileReference; explicitFileType = wrapper.application; includeInIndex = 0; path = SlotMachineSwiftUI.app; sourceTree = BUILT_PRODUCTS_DIR; };
		FFDA94482BAC1612002C5266 /* SlotMachineSwiftUIApp.swift */ = {isa = PBXFileReference; lastKnownFileType = sourcecode.swift; path = SlotMachineSwiftUIApp.swift; sourceTree = "<group>"; };
		FFDA944A2BAC1612002C5266 /* ContentView.swift */ = {isa = PBXFileReference; lastKnownFileType = sourcecode.swift; path = ContentView.swift; sourceTree = "<group>"; };
		FFDA944C2BAC1613002C5266 /* Assets.xcassets */ = {isa = PBXFileReference; lastKnownFileType = folder.assetcatalog; path = Assets.xcassets; sourceTree = "<group>"; };
		FFDA944F2BAC1613002C5266 /* Preview Assets.xcassets */ = {isa = PBXFileReference; lastKnownFileType = folder.assetcatalog; path = "Preview Assets.xcassets"; sourceTree = "<group>"; };
		FFDA94562BAC1A14002C5266 /* win.mp3 */ = {isa = PBXFileReference; lastKnownFileType = audio.mp3; path = win.mp3; sourceTree = "<group>"; };
		FFDA94572BAC1A14002C5266 /* high-score.mp3 */ = {isa = PBXFileReference; lastKnownFileType = audio.mp3; path = "high-score.mp3"; sourceTree = "<group>"; };
		FFDA94582BAC1A14002C5266 /* background-music.mp3 */ = {isa = PBXFileReference; lastKnownFileType = audio.mp3; path = "background-music.mp3"; sourceTree = "<group>"; };
		FFDA94592BAC1A15002C5266 /* game-over.mp3 */ = {isa = PBXFileReference; lastKnownFileType = audio.mp3; path = "game-over.mp3"; sourceTree = "<group>"; };
		FFDA945A2BAC1A15002C5266 /* chimeup.mp3 */ = {isa = PBXFileReference; lastKnownFileType = audio.mp3; path = chimeup.mp3; sourceTree = "<group>"; };
		FFDA945B2BAC1A15002C5266 /* casino-chips.mp3 */ = {isa = PBXFileReference; lastKnownFileType = audio.mp3; path = "casino-chips.mp3"; sourceTree = "<group>"; };
		FFDA945C2BAC1A15002C5266 /* spin.mp3 */ = {isa = PBXFileReference; lastKnownFileType = audio.mp3; path = spin.mp3; sourceTree = "<group>"; };
		FFDA945D2BAC1A15002C5266 /* riseup.mp3 */ = {isa = PBXFileReference; lastKnownFileType = audio.mp3; path = riseup.mp3; sourceTree = "<group>"; };
		FFDA94692BAC1B5B002C5266 /* Launch Screen.storyboard */ = {isa = PBXFileReference; lastKnownFileType = file.storyboard; path = "Launch Screen.storyboard"; sourceTree = "<group>"; };
		FFF60D8E2BAC653700BEF873 /* LogoView.swift */ = {isa = PBXFileReference; lastKnownFileType = sourcecode.swift; path = LogoView.swift; sourceTree = "<group>"; };
		FFF60D902BAC65BF00BEF873 /* Modifiers.swift */ = {isa = PBXFileReference; lastKnownFileType = sourcecode.swift; path = Modifiers.swift; sourceTree = "<group>"; };
		FFF60D922BAC6DFE00BEF873 /* Extensions.swift */ = {isa = PBXFileReference; lastKnownFileType = sourcecode.swift; path = Extensions.swift; sourceTree = "<group>"; };
		FFF60D942BAD5D1100BEF873 /* ReelView.swift */ = {isa = PBXFileReference; lastKnownFileType = sourcecode.swift; path = ReelView.swift; sourceTree = "<group>"; };
/* End PBXFileReference section */

/* Begin PBXFrameworksBuildPhase section */
		FFDA94422BAC1612002C5266 /* Frameworks */ = {
			isa = PBXFrameworksBuildPhase;
			buildActionMask = 2147483647;
			files = (
			);
			runOnlyForDeploymentPostprocessing = 0;
		};
/* End PBXFrameworksBuildPhase section */

/* Begin PBXGroup section */
		FFDA943C2BAC1612002C5266 = {
			isa = PBXGroup;
			children = (
				FFDA94472BAC1612002C5266 /* SlotMachineSwiftUI */,
				FFDA94462BAC1612002C5266 /* Products */,
			);
			sourceTree = "<group>";
		};
		FFDA94462BAC1612002C5266 /* Products */ = {
			isa = PBXGroup;
			children = (
				FFDA94452BAC1612002C5266 /* SlotMachineSwiftUI.app */,
			);
			name = Products;
			sourceTree = "<group>";
		};
		FFDA94472BAC1612002C5266 /* SlotMachineSwiftUI */ = {
			isa = PBXGroup;
			children = (
				FFDA94682BAC1A7A002C5266 /* Helpers */,
				FFDA94662BAC1A1D002C5266 /* Sounds */,
				FFDA94482BAC1612002C5266 /* SlotMachineSwiftUIApp.swift */,
				FFDA94672BAC1A5D002C5266 /* Views */,
				FFDA944C2BAC1613002C5266 /* Assets.xcassets */,
				FFDA944E2BAC1613002C5266 /* Preview Content */,
				FFDA94692BAC1B5B002C5266 /* Launch Screen.storyboard */,
			);
			path = SlotMachineSwiftUI;
			sourceTree = "<group>";
		};
		FFDA944E2BAC1613002C5266 /* Preview Content */ = {
			isa = PBXGroup;
			children = (
				FFDA944F2BAC1613002C5266 /* Preview Assets.xcassets */,
			);
			path = "Preview Content";
			sourceTree = "<group>";
		};
		FFDA94662BAC1A1D002C5266 /* Sounds */ = {
			isa = PBXGroup;
			children = (
				FFDA94582BAC1A14002C5266 /* background-music.mp3 */,
				FFDA945B2BAC1A15002C5266 /* casino-chips.mp3 */,
				FFDA945A2BAC1A15002C5266 /* chimeup.mp3 */,
				FFDA94592BAC1A15002C5266 /* game-over.mp3 */,
				FFDA94572BAC1A14002C5266 /* high-score.mp3 */,
				FFDA945D2BAC1A15002C5266 /* riseup.mp3 */,
				FFDA945C2BAC1A15002C5266 /* spin.mp3 */,
				FFDA94562BAC1A14002C5266 /* win.mp3 */,
			);
			path = Sounds;
			sourceTree = "<group>";
		};
		FFDA94672BAC1A5D002C5266 /* Views */ = {
			isa = PBXGroup;
			children = (
				FFDA944A2BAC1612002C5266 /* ContentView.swift */,
				FFF60D8E2BAC653700BEF873 /* LogoView.swift */,
				FFF60D942BAD5D1100BEF873 /* ReelView.swift */,
			);
			path = Views;
			sourceTree = "<group>";
		};
		FFDA94682BAC1A7A002C5266 /* Helpers */ = {
			isa = PBXGroup;
			children = (
				FFF60D902BAC65BF00BEF873 /* Modifiers.swift */,
				FFF60D922BAC6DFE00BEF873 /* Extensions.swift */,
			);
			path = Helpers;
			sourceTree = "<group>";
		};
/* End PBXGroup section */

/* Begin PBXNativeTarget section */
		FFDA94442BAC1612002C5266 /* SlotMachineSwiftUI */ = {
			isa = PBXNativeTarget;
			buildConfigurationList = FFDA94532BAC1613002C5266 /* Build configuration list for PBXNativeTarget "SlotMachineSwiftUI" */;
			buildPhases = (
				FFDA94412BAC1612002C5266 /* Sources */,
				FFDA94422BAC1612002C5266 /* Frameworks */,
				FFDA94432BAC1612002C5266 /* Resources */,
			);
			buildRules = (
			);
			dependencies = (
			);
			name = SlotMachineSwiftUI;
			productName = SlotMachineSwiftUI;
			productReference = FFDA94452BAC1612002C5266 /* SlotMachineSwiftUI.app */;
			productType = "com.apple.product-type.application";
		};
/* End PBXNativeTarget section */

/* Begin PBXProject section */
		FFDA943D2BAC1612002C5266 /* Project object */ = {
			isa = PBXProject;
			attributes = {
				BuildIndependentTargetsInParallel = 1;
				LastSwiftUpdateCheck = 1520;
				LastUpgradeCheck = 1520;
				TargetAttributes = {
					FFDA94442BAC1612002C5266 = {
						CreatedOnToolsVersion = 15.2;
					};
				};
			};
			buildConfigurationList = FFDA94402BAC1612002C5266 /* Build configuration list for PBXProject "SlotMachineSwiftUI" */;
			compatibilityVersion = "Xcode 14.0";
			developmentRegion = en;
			hasScannedForEncodings = 0;
			knownRegions = (
				en,
				Base,
			);
			mainGroup = FFDA943C2BAC1612002C5266;
			productRefGroup = FFDA94462BAC1612002C5266 /* Products */;
			projectDirPath = "";
			projectRoot = "";
			targets = (
				FFDA94442BAC1612002C5266 /* SlotMachineSwiftUI */,
			);
		};
/* End PBXProject section */

/* Begin PBXResourcesBuildPhase section */
		FFDA94432BAC1612002C5266 /* Resources */ = {
			isa = PBXResourcesBuildPhase;
			buildActionMask = 2147483647;
			files = (
				FFDA945E2BAC1A15002C5266 /* win.mp3 in Resources */,
				FFDA945F2BAC1A15002C5266 /* high-score.mp3 in Resources */,
				FFDA94642BAC1A15002C5266 /* spin.mp3 in Resources */,
				FFDA94622BAC1A15002C5266 /* chimeup.mp3 in Resources */,
				FFDA94602BAC1A15002C5266 /* background-music.mp3 in Resources */,
				FFDA94502BAC1613002C5266 /* Preview Assets.xcassets in Resources */,
				FFDA946A2BAC1B5B002C5266 /* Launch Screen.storyboard in Resources */,
				FFDA94612BAC1A15002C5266 /* game-over.mp3 in Resources */,
				FFDA944D2BAC1613002C5266 /* Assets.xcassets in Resources */,
				FFDA94652BAC1A15002C5266 /* riseup.mp3 in Resources */,
				FFDA94632BAC1A15002C5266 /* casino-chips.mp3 in Resources */,
			);
			runOnlyForDeploymentPostprocessing = 0;
		};
/* End PBXResourcesBuildPhase section */

/* Begin PBXSourcesBuildPhase section */
		FFDA94412BAC1612002C5266 /* Sources */ = {
			isa = PBXSourcesBuildPhase;
			buildActionMask = 2147483647;
			files = (
				FFF60D952BAD5D1100BEF873 /* ReelView.swift in Sources */,
				FFF60D932BAC6DFE00BEF873 /* Extensions.swift in Sources */,
				FFF60D912BAC65BF00BEF873 /* Modifiers.swift in Sources */,
				FFDA944B2BAC1612002C5266 /* ContentView.swift in Sources */,
				FFF60D8F2BAC653700BEF873 /* LogoView.swift in Sources */,
				FFDA94492BAC1612002C5266 /* SlotMachineSwiftUIApp.swift in Sources */,
			);
			runOnlyForDeploymentPostprocessing = 0;
		};
/* End PBXSourcesBuildPhase section */

/* Begin XCBuildConfiguration section */
		FFDA94512BAC1613002C5266 /* Debug */ = {
			isa = XCBuildConfiguration;
			buildSettings = {
				ALWAYS_SEARCH_USER_PATHS = NO;
				ASSETCATALOG_COMPILER_GENERATE_SWIFT_ASSET_SYMBOL_EXTENSIONS = YES;
				CLANG_ANALYZER_NONNULL = YES;
				CLANG_ANALYZER_NUMBER_OBJECT_CONVERSION = YES_AGGRESSIVE;
				CLANG_CXX_LANGUAGE_STANDARD = "gnu++20";
				CLANG_ENABLE_MODULES = YES;
				CLANG_ENABLE_OBJC_ARC = YES;
				CLANG_ENABLE_OBJC_WEAK = YES;
				CLANG_WARN_BLOCK_CAPTURE_AUTORELEASING = YES;
				CLANG_WARN_BOOL_CONVERSION = YES;
				CLANG_WARN_COMMA = YES;
				CLANG_WARN_CONSTANT_CONVERSION = YES;
				CLANG_WARN_DEPRECATED_OBJC_IMPLEMENTATIONS = YES;
				CLANG_WARN_DIRECT_OBJC_ISA_USAGE = YES_ERROR;
				CLANG_WARN_DOCUMENTATION_COMMENTS = YES;
				CLANG_WARN_EMPTY_BODY = YES;
				CLANG_WARN_ENUM_CONVERSION = YES;
				CLANG_WARN_INFINITE_RECURSION = YES;
				CLANG_WARN_INT_CONVERSION = YES;
				CLANG_WARN_NON_LITERAL_NULL_CONVERSION = YES;
				CLANG_WARN_OBJC_IMPLICIT_RETAIN_SELF = YES;
				CLANG_WARN_OBJC_LITERAL_CONVERSION = YES;
				CLANG_WARN_OBJC_ROOT_CLASS = YES_ERROR;
				CLANG_WARN_QUOTED_INCLUDE_IN_FRAMEWORK_HEADER = YES;
				CLANG_WARN_RANGE_LOOP_ANALYSIS = YES;
				CLANG_WARN_STRICT_PROTOTYPES = YES;
				CLANG_WARN_SUSPICIOUS_MOVE = YES;
				CLANG_WARN_UNGUARDED_AVAILABILITY = YES_AGGRESSIVE;
				CLANG_WARN_UNREACHABLE_CODE = YES;
				CLANG_WARN__DUPLICATE_METHOD_MATCH = YES;
				COPY_PHASE_STRIP = NO;
				DEBUG_INFORMATION_FORMAT = dwarf;
				ENABLE_STRICT_OBJC_MSGSEND = YES;
				ENABLE_TESTABILITY = YES;
				ENABLE_USER_SCRIPT_SANDBOXING = YES;
				GCC_C_LANGUAGE_STANDARD = gnu17;
				GCC_DYNAMIC_NO_PIC = NO;
				GCC_NO_COMMON_BLOCKS = YES;
				GCC_OPTIMIZATION_LEVEL = 0;
				GCC_PREPROCESSOR_DEFINITIONS = (
					"DEBUG=1",
					"$(inherited)",
				);
				GCC_WARN_64_TO_32_BIT_CONVERSION = YES;
				GCC_WARN_ABOUT_RETURN_TYPE = YES_ERROR;
				GCC_WARN_UNDECLARED_SELECTOR = YES;
				GCC_WARN_UNINITIALIZED_AUTOS = YES_AGGRESSIVE;
				GCC_WARN_UNUSED_FUNCTION = YES;
				GCC_WARN_UNUSED_VARIABLE = YES;
				IPHONEOS_DEPLOYMENT_TARGET = 17.2;
				LOCALIZATION_PREFERS_STRING_CATALOGS = YES;
				MTL_ENABLE_DEBUG_INFO = INCLUDE_SOURCE;
				MTL_FAST_MATH = YES;
				ONLY_ACTIVE_ARCH = YES;
				SDKROOT = iphoneos;
				SWIFT_ACTIVE_COMPILATION_CONDITIONS = "DEBUG $(inherited)";
				SWIFT_OPTIMIZATION_LEVEL = "-Onone";
			};
			name = Debug;
		};
		FFDA94522BAC1613002C5266 /* Release */ = {
			isa = XCBuildConfiguration;
			buildSettings = {
				ALWAYS_SEARCH_USER_PATHS = NO;
				ASSETCATALOG_COMPILER_GENERATE_SWIFT_ASSET_SYMBOL_EXTENSIONS = YES;
				CLANG_ANALYZER_NONNULL = YES;
				CLANG_ANALYZER_NUMBER_OBJECT_CONVERSION = YES_AGGRESSIVE;
				CLANG_CXX_LANGUAGE_STANDARD = "gnu++20";
				CLANG_ENABLE_MODULES = YES;
				CLANG_ENABLE_OBJC_ARC = YES;
				CLANG_ENABLE_OBJC_WEAK = YES;
				CLANG_WARN_BLOCK_CAPTURE_AUTORELEASING = YES;
				CLANG_WARN_BOOL_CONVERSION = YES;
				CLANG_WARN_COMMA = YES;
				CLANG_WARN_CONSTANT_CONVERSION = YES;
				CLANG_WARN_DEPRECATED_OBJC_IMPLEMENTATIONS = YES;
				CLANG_WARN_DIRECT_OBJC_ISA_USAGE = YES_ERROR;
				CLANG_WARN_DOCUMENTATION_COMMENTS = YES;
				CLANG_WARN_EMPTY_BODY = YES;
				CLANG_WARN_ENUM_CONVERSION = YES;
				CLANG_WARN_INFINITE_RECURSION = YES;
				CLANG_WARN_INT_CONVERSION = YES;
				CLANG_WARN_NON_LITERAL_NULL_CONVERSION = YES;
				CLANG_WARN_OBJC_IMPLICIT_RETAIN_SELF = YES;
				CLANG_WARN_OBJC_LITERAL_CONVERSION = YES;
				CLANG_WARN_OBJC_ROOT_CLASS = YES_ERROR;
				CLANG_WARN_QUOTED_INCLUDE_IN_FRAMEWORK_HEADER = YES;
				CLANG_WARN_RANGE_LOOP_ANALYSIS = YES;
				CLANG_WARN_STRICT_PROTOTYPES = YES;
				CLANG_WARN_SUSPICIOUS_MOVE = YES;
				CLANG_WARN_UNGUARDED_AVAILABILITY = YES_AGGRESSIVE;
				CLANG_WARN_UNREACHABLE_CODE = YES;
				CLANG_WARN__DUPLICATE_METHOD_MATCH = YES;
				COPY_PHASE_STRIP = NO;
				DEBUG_INFORMATION_FORMAT = "dwarf-with-dsym";
				ENABLE_NS_ASSERTIONS = NO;
				ENABLE_STRICT_OBJC_MSGSEND = YES;
				ENABLE_USER_SCRIPT_SANDBOXING = YES;
				GCC_C_LANGUAGE_STANDARD = gnu17;
				GCC_NO_COMMON_BLOCKS = YES;
				GCC_WARN_64_TO_32_BIT_CONVERSION = YES;
				GCC_WARN_ABOUT_RETURN_TYPE = YES_ERROR;
				GCC_WARN_UNDECLARED_SELECTOR = YES;
				GCC_WARN_UNINITIALIZED_AUTOS = YES_AGGRESSIVE;
				GCC_WARN_UNUSED_FUNCTION = YES;
				GCC_WARN_UNUSED_VARIABLE = YES;
				IPHONEOS_DEPLOYMENT_TARGET = 17.2;
				LOCALIZATION_PREFERS_STRING_CATALOGS = YES;
				MTL_ENABLE_DEBUG_INFO = NO;
				MTL_FAST_MATH = YES;
				SDKROOT = iphoneos;
				SWIFT_COMPILATION_MODE = wholemodule;
				VALIDATE_PRODUCT = YES;
			};
			name = Release;
		};
		FFDA94542BAC1613002C5266 /* Debug */ = {
			isa = XCBuildConfiguration;
			buildSettings = {
				ASSETCATALOG_COMPILER_APPICON_NAME = AppIcon;
				ASSETCATALOG_COMPILER_GLOBAL_ACCENT_COLOR_NAME = AccentColor;
				CODE_SIGN_STYLE = Automatic;
				CURRENT_PROJECT_VERSION = 1;
				DEVELOPMENT_ASSET_PATHS = "\"SlotMachineSwiftUI/Preview Content\"";
				DEVELOPMENT_TEAM = VYT9YM6M52;
				ENABLE_PREVIEWS = YES;
				GENERATE_INFOPLIST_FILE = YES;
				INFOPLIST_KEY_UIApplicationSceneManifest_Generation = YES;
				INFOPLIST_KEY_UIApplicationSupportsIndirectInputEvents = YES;
				INFOPLIST_KEY_UILaunchScreen_Generation = YES;
				INFOPLIST_KEY_UILaunchStoryboardName = "Launch Screen.storyboard";
				INFOPLIST_KEY_UISupportedInterfaceOrientations_iPad = "UIInterfaceOrientationPortrait UIInterfaceOrientationPortraitUpsideDown UIInterfaceOrientationLandscapeLeft UIInterfaceOrientationLandscapeRight";
				INFOPLIST_KEY_UISupportedInterfaceOrientations_iPhone = "UIInterfaceOrientationPortrait UIInterfaceOrientationLandscapeLeft UIInterfaceOrientationLandscapeRight";
				LD_RUNPATH_SEARCH_PATHS = (
					"$(inherited)",
					"@executable_path/Frameworks",
				);
				MARKETING_VERSION = 1.0;
				PRODUCT_BUNDLE_IDENTIFIER = onlineapteka.SlotMachineSwiftUI;
				PRODUCT_NAME = "$(TARGET_NAME)";
				SWIFT_EMIT_LOC_STRINGS = YES;
				SWIFT_VERSION = 5.0;
				TARGETED_DEVICE_FAMILY = "1,2";
			};
			name = Debug;
		};
		FFDA94552BAC1613002C5266 /* Release */ = {
			isa = XCBuildConfiguration;
			buildSettings = {
				ASSETCATALOG_COMPILER_APPICON_NAME = AppIcon;
				ASSETCATALOG_COMPILER_GLOBAL_ACCENT_COLOR_NAME = AccentColor;
				CODE_SIGN_STYLE = Automatic;
				CURRENT_PROJECT_VERSION = 1;
				DEVELOPMENT_ASSET_PATHS = "\"SlotMachineSwiftUI/Preview Content\"";
				DEVELOPMENT_TEAM = VYT9YM6M52;
				ENABLE_PREVIEWS = YES;
				GENERATE_INFOPLIST_FILE = YES;
				INFOPLIST_KEY_UIApplicationSceneManifest_Generation = YES;
				INFOPLIST_KEY_UIApplicationSupportsIndirectInputEvents = YES;
				INFOPLIST_KEY_UILaunchScreen_Generation = YES;
				INFOPLIST_KEY_UILaunchStoryboardName = "Launch Screen.storyboard";
				INFOPLIST_KEY_UISupportedInterfaceOrientations_iPad = "UIInterfaceOrientationPortrait UIInterfaceOrientationPortraitUpsideDown UIInterfaceOrientationLandscapeLeft UIInterfaceOrientationLandscapeRight";
				INFOPLIST_KEY_UISupportedInterfaceOrientations_iPhone = "UIInterfaceOrientationPortrait UIInterfaceOrientationLandscapeLeft UIInterfaceOrientationLandscapeRight";
				LD_RUNPATH_SEARCH_PATHS = (
					"$(inherited)",
					"@executable_path/Frameworks",
				);
				MARKETING_VERSION = 1.0;
				PRODUCT_BUNDLE_IDENTIFIER = onlineapteka.SlotMachineSwiftUI;
				PRODUCT_NAME = "$(TARGET_NAME)";
				SWIFT_EMIT_LOC_STRINGS = YES;
				SWIFT_VERSION = 5.0;
				TARGETED_DEVICE_FAMILY = "1,2";
			};
			name = Release;
		};
/* End XCBuildConfiguration section */

/* Begin XCConfigurationList section */
		FFDA94402BAC1612002C5266 /* Build configuration list for PBXProject "SlotMachineSwiftUI" */ = {
			isa = XCConfigurationList;
			buildConfigurations = (
				FFDA94512BAC1613002C5266 /* Debug */,
				FFDA94522BAC1613002C5266 /* Release */,
			);
			defaultConfigurationIsVisible = 0;
			defaultConfigurationName = Release;
		};
		FFDA94532BAC1613002C5266 /* Build configuration list for PBXNativeTarget "SlotMachineSwiftUI" */ = {
			isa = XCConfigurationList;
			buildConfigurations = (
				FFDA94542BAC1613002C5266 /* Debug */,
				FFDA94552BAC1613002C5266 /* Release */,
			);
			defaultConfigurationIsVisible = 0;
			defaultConfigurationName = Release;
		};
/* End XCConfigurationList section */
	};
	rootObject = FFDA943D2BAC1612002C5266 /* Project object */;
}
